
Microsoft Visual Studio Solution File, Format Version 12.00
# Visual Studio Version 17
VisualStudioVersion = 17.4.33205.214
MinimumVisualStudioVersion = 10.0.40219.1
Project("{9A19103F-16F7-4668-BE54-9A1E7A4F7556}") = "ScottPlot.WPF", "ScottPlot\src\ScottPlot4\ScottPlot.WPF\ScottPlot.WPF.csproj", "{24621490-26BF-4E63-BBBC-4F31C0D0426B}"
EndProject
Project("{9A19103F-16F7-4668-BE54-9A1E7A4F7556}") = "Visualizer", "Visualizer\Visualizer.csproj", "{9ED79CD3-8C99-4F94-B32C-4D53A05E879D}"
EndProject
Project("{9A19103F-16F7-4668-BE54-9A1E7A4F7556}") = "ScottPlot", "ScottPlot\src\ScottPlot4\ScottPlot\ScottPlot.csproj", "{9A03F3BD-09D9-4582-88E0-34C9F1D4294B}"
EndProject
Global
	GlobalSection(SolutionConfigurationPlatforms) = preSolution
		Debug|Any CPU = Debug|Any CPU
		Release|Any CPU = Release|Any CPU
	EndGlobalSection
	GlobalSection(ProjectConfigurationPlatforms) = postSolution
		{24621490-26BF-4E63-BBBC-4F31C0D0426B}.Debug|Any CPU.ActiveCfg = Debug|Any CPU
		{24621490-26BF-4E63-BBBC-4F31C0D0426B}.Debug|Any CPU.Build.0 = Debug|Any CPU
		{24621490-26BF-4E63-BBBC-4F31C0D0426B}.Release|Any CPU.ActiveCfg = Release|Any CPU
		{24621490-26BF-4E63-BBBC-4F31C0D0426B}.Release|Any CPU.Build.0 = Release|Any CPU
		{9ED79CD3-8C99-4F94-B32C-4D53A05E879D}.Debug|Any CPU.ActiveCfg = Debug|Any CPU
		{9ED79CD3-8C99-4F94-B32C-4D53A05E879D}.Debug|Any CPU.Build.0 = Debug|Any CPU
		{9ED79CD3-8C99-4F94-B32C-4D53A05E879D}.Release|Any CPU.ActiveCfg = Release|Any CPU
		{9ED79CD3-8C99-4F94-B32C-4D53A05E879D}.Release|Any CPU.Build.0 = Release|Any CPU
		{9A03F3BD-09D9-4582-88E0-34C9F1D4294B}.Debug|Any CPU.ActiveCfg = Debug|Any CPU
		{9A03F3BD-09D9-4582-88E0-34C9F1D4294B}.Debug|Any CPU.Build.0 = Debug|Any CPU
		{9A03F3BD-09D9-4582-88E0-34C9F1D4294B}.Release|Any CPU.ActiveCfg = Release|Any CPU
		{9A03F3BD-09D9-4582-88E0-34C9F1D4294B}.Release|Any CPU.Build.0 = Release|Any CPU
	EndGlobalSection
	GlobalSection(SolutionProperties) = preSolution
		HideSolutionNode = FALSE
	EndGlobalSection
	GlobalSection(ExtensibilityGlobals) = postSolution
		SolutionGuid = {E0F98BFD-0959-4990-B286-2F7318CA808B}
	EndGlobalSection
EndGlobal
