
Microsoft Visual Studio Solution File, Format Version 12.00
# Visual Studio Version 17
VisualStudioVersion = 17.4.33205.214
MinimumVisualStudioVersion = 10.0.40219.1
Project("{FAE04EC0-301F-11D3-BF4B-00C04F79EFBC}") = "Visualizer", "Visualizer.csproj", "{3A548029-2452-4C34-997D-0FCA80ECAA8C}"
EndProject
Project("{9A19103F-16F7-4668-BE54-9A1E7A4F7556}") = "InteractiveDataDisplay.WPF", "InteractiveDataDisplay.WPF\src\InteractiveDataDisplay.WPF.csproj", "{2D34544C-2DF2-4B20-A43A-6C8D2DF3DD82}"
EndProject
Project("{9A19103F-16F7-4668-BE54-9A1E7A4F7556}") = "LiveChartsCore", "LiveCharts2\src\LiveChartsCore\LiveChartsCore.csproj", "{620EB4BE-3513-4317-99DB-A861EF1DCFE1}"
EndProject
Global
	GlobalSection(SolutionConfigurationPlatforms) = preSolution
		Debug|Any CPU = Debug|Any CPU
		Release|Any CPU = Release|Any CPU
	EndGlobalSection
	GlobalSection(ProjectConfigurationPlatforms) = postSolution
		{3A548029-2452-4C34-997D-0FCA80ECAA8C}.Debug|Any CPU.ActiveCfg = Debug|Any CPU
		{3A548029-2452-4C34-997D-0FCA80ECAA8C}.Debug|Any CPU.Build.0 = Debug|Any CPU
		{3A548029-2452-4C34-997D-0FCA80ECAA8C}.Release|Any CPU.ActiveCfg = Release|Any CPU
		{3A548029-2452-4C34-997D-0FCA80ECAA8C}.Release|Any CPU.Build.0 = Release|Any CPU
		{2D34544C-2DF2-4B20-A43A-6C8D2DF3DD82}.Debug|Any CPU.ActiveCfg = Debug|Any CPU
		{2D34544C-2DF2-4B20-A43A-6C8D2DF3DD82}.Debug|Any CPU.Build.0 = Debug|Any CPU
		{2D34544C-2DF2-4B20-A43A-6C8D2DF3DD82}.Release|Any CPU.ActiveCfg = Release|Any CPU
		{2D34544C-2DF2-4B20-A43A-6C8D2DF3DD82}.Release|Any CPU.Build.0 = Release|Any CPU
		{620EB4BE-3513-4317-99DB-A861EF1DCFE1}.Debug|Any CPU.ActiveCfg = Debug|Any CPU
		{620EB4BE-3513-4317-99DB-A861EF1DCFE1}.Debug|Any CPU.Build.0 = Debug|Any CPU
		{620EB4BE-3513-4317-99DB-A861EF1DCFE1}.Release|Any CPU.ActiveCfg = Release|Any CPU
		{620EB4BE-3513-4317-99DB-A861EF1DCFE1}.Release|Any CPU.Build.0 = Release|Any CPU
	EndGlobalSection
	GlobalSection(SolutionProperties) = preSolution
		HideSolutionNode = FALSE
	EndGlobalSection
	GlobalSection(ExtensibilityGlobals) = postSolution
		SolutionGuid = {E0F98BFD-0959-4990-B286-2F7318CA808B}
	EndGlobalSection
EndGlobal
